
Microsoft Visual Studio Solution File, Format Version 12.00
# Visual Studio Version 17
VisualStudioVersion = 17.11.35208.52
MinimumVisualStudioVersion = 10.0.40219.1
Project("{FAE04EC0-301F-11D3-BF4B-00C04F79EFBC}") = "CandyCrush", "CandyCrush\CandyCrush.csproj", "{2C4291D2-F3FF-4A0F-A5A7-250DDB742302}"
EndProject
Global
	GlobalSection(SolutionConfigurationPlatforms) = preSolution
		Debug|Any CPU = Debug|Any CPU
		Release|Any CPU = Release|Any CPU
	EndGlobalSection
	GlobalSection(ProjectConfigurationPlatforms) = postSolution
		{2C4291D2-F3FF-4A0F-A5A7-250DDB742302}.Debug|Any CPU.ActiveCfg = Debug|Any CPU
		{2C4291D2-F3FF-4A0F-A5A7-250DDB742302}.Debug|Any CPU.Build.0 = Debug|Any CPU
		{2C4291D2-F3FF-4A0F-A5A7-250DDB742302}.Release|Any CPU.ActiveCfg = Release|Any CPU
		{2C4291D2-F3FF-4A0F-A5A7-250DDB742302}.Release|Any CPU.Build.0 = Release|Any CPU
	EndGlobalSection
	GlobalSection(SolutionProperties) = preSolution
		HideSolutionNode = FALSE
	EndGlobalSection
	GlobalSection(ExtensibilityGlobals) = postSolution
		SolutionGuid = {1515B63A-1862-402B-918E-17D55396D83E}
	EndGlobalSection
EndGlobal
